
Microsoft Visual Studio Solution File, Format Version 12.00
# Visual Studio Version 17
VisualStudioVersion = 17.9.34622.214
MinimumVisualStudioVersion = 10.0.40219.1
Project("{FAE04EC0-301F-11D3-BF4B-00C04F79EFBC}") = "web_estudos", "web_estudos\web_estudos.csproj", "{4BA9595B-294C-4072-857A-F6897414AA8D}"
EndProject
Global
	GlobalSection(SolutionConfigurationPlatforms) = preSolution
		Debug|Any CPU = Debug|Any CPU
		Release|Any CPU = Release|Any CPU
	EndGlobalSection
	GlobalSection(ProjectConfigurationPlatforms) = postSolution
		{4BA9595B-294C-4072-857A-F6897414AA8D}.Debug|Any CPU.ActiveCfg = Debug|Any CPU
		{4BA9595B-294C-4072-857A-F6897414AA8D}.Debug|Any CPU.Build.0 = Debug|Any CPU
		{4BA9595B-294C-4072-857A-F6897414AA8D}.Release|Any CPU.ActiveCfg = Release|Any CPU
		{4BA9595B-294C-4072-857A-F6897414AA8D}.Release|Any CPU.Build.0 = Release|Any CPU
	EndGlobalSection
	GlobalSection(SolutionProperties) = preSolution
		HideSolutionNode = FALSE
	EndGlobalSection
	GlobalSection(ExtensibilityGlobals) = postSolution
		SolutionGuid = {692424A9-2585-4C43-AAE4-3B8C1FA35230}
	EndGlobalSection
EndGlobal
